
Microsoft Visual Studio Solution File, Format Version 12.00
# Visual Studio Version 17
VisualStudioVersion = 17.8.34525.116
MinimumVisualStudioVersion = 10.0.40219.1
Project("{FAE04EC0-301F-11D3-BF4B-00C04F79EFBC}") = "MP3Player", "MP3Player\MP3Player.csproj", "{C413CDF6-639E-4637-BB49-61867ACEB28F}"
EndProject
Global
	GlobalSection(SolutionConfigurationPlatforms) = preSolution
		Debug|Any CPU = Debug|Any CPU
		Release|Any CPU = Release|Any CPU
	EndGlobalSection
	GlobalSection(ProjectConfigurationPlatforms) = postSolution
		{C413CDF6-639E-4637-BB49-61867ACEB28F}.Debug|Any CPU.ActiveCfg = Debug|Any CPU
		{C413CDF6-639E-4637-BB49-61867ACEB28F}.Debug|Any CPU.Build.0 = Debug|Any CPU
		{C413CDF6-639E-4637-BB49-61867ACEB28F}.Release|Any CPU.ActiveCfg = Release|Any CPU
		{C413CDF6-639E-4637-BB49-61867ACEB28F}.Release|Any CPU.Build.0 = Release|Any CPU
	EndGlobalSection
	GlobalSection(SolutionProperties) = preSolution
		HideSolutionNode = FALSE
	EndGlobalSection
	GlobalSection(ExtensibilityGlobals) = postSolution
		SolutionGuid = {79778A0D-E33D-4AE2-93EF-003F7E96F693}
	EndGlobalSection
EndGlobal
